
Microsoft Visual Studio Solution File, Format Version 11.00
# Visual Studio 2010
Project("{FAE04EC0-301F-11D3-BF4B-00C04F79EFBC}") = "WASAPI Example", "Assembly-CSharp.csproj", "{62D3E752-B3EF-BCE3-D2DF-5C1A212E01BD}"
EndProject
Global
	GlobalSection(SolutionConfigurationPlatforms) = preSolution
		Debug|Any CPU = Debug|Any CPU
		Release|Any CPU = Release|Any CPU
	EndGlobalSection
	GlobalSection(ProjectConfigurationPlatforms) = postSolution
		{62D3E752-B3EF-BCE3-D2DF-5C1A212E01BD}.Debug|Any CPU.ActiveCfg = Debug|Any CPU
		{62D3E752-B3EF-BCE3-D2DF-5C1A212E01BD}.Debug|Any CPU.Build.0 = Debug|Any CPU
		{62D3E752-B3EF-BCE3-D2DF-5C1A212E01BD}.Release|Any CPU.ActiveCfg = Release|Any CPU
		{62D3E752-B3EF-BCE3-D2DF-5C1A212E01BD}.Release|Any CPU.Build.0 = Release|Any CPU
	EndGlobalSection
	GlobalSection(SolutionProperties) = preSolution
		HideSolutionNode = FALSE
	EndGlobalSection
	GlobalSection(MonoDevelopProperties) = preSolution
		StartupItem = Assembly-CSharp.csproj
	EndGlobalSection
EndGlobal
